
Microsoft Visual Studio Solution File, Format Version 12.00
# Visual Studio 15
VisualStudioVersion = 15.0.28010.2048
MinimumVisualStudioVersion = 10.0.40219.1
Project("{FAE04EC0-301F-11D3-BF4B-00C04F79EFBC}") = "WebApplication8", "WebApplication8\WebApplication8.csproj", "{91045B8A-4144-46D6-BA73-248639C0280C}"
EndProject
Global
	GlobalSection(SolutionConfigurationPlatforms) = preSolution
		Debug|Any CPU = Debug|Any CPU
		Release|Any CPU = Release|Any CPU
	EndGlobalSection
	GlobalSection(ProjectConfigurationPlatforms) = postSolution
		{91045B8A-4144-46D6-BA73-248639C0280C}.Debug|Any CPU.ActiveCfg = Debug|Any CPU
		{91045B8A-4144-46D6-BA73-248639C0280C}.Debug|Any CPU.Build.0 = Debug|Any CPU
		{91045B8A-4144-46D6-BA73-248639C0280C}.Release|Any CPU.ActiveCfg = Release|Any CPU
		{91045B8A-4144-46D6-BA73-248639C0280C}.Release|Any CPU.Build.0 = Release|Any CPU
	EndGlobalSection
	GlobalSection(SolutionProperties) = preSolution
		HideSolutionNode = FALSE
	EndGlobalSection
	GlobalSection(ExtensibilityGlobals) = postSolution
		SolutionGuid = {5592B724-6333-44C8-BBA1-1E657442F755}
	EndGlobalSection
EndGlobal
